
Microsoft Visual Studio Solution File, Format Version 12.00
# Visual Studio 15
VisualStudioVersion = 15.0.28307.168
MinimumVisualStudioVersion = 10.0.40219.1
Project("{FAE04EC0-301F-11D3-BF4B-00C04F79EFBC}") = "MFDisplay", "MFDisplay\MFDisplay.csproj", "{1AC90D5B-6DB5-4AAA-8C7E-B6B28FD75A47}"
EndProject
Project("{FAE04EC0-301F-11D3-BF4B-00C04F79EFBC}") = "Tests-MFDisplay", "Tests-MFDisplay\Tests-MFDisplay.csproj", "{3496AFD8-3746-497A-BB3C-AD9F29FDBC30}"
EndProject
Project("{2150E333-8FDC-42A3-9474-1A3956D46DE8}") = "Docs", "Docs", "{EC07B551-29B0-4ACE-B45F-44A5871DC8A2}"
	ProjectSection(SolutionItems) = preProject
		mfdisp_exe_test.tmc = mfdisp_exe_test.tmc
		MFDisplay\Docs\testfunction.tmc = MFDisplay\Docs\testfunction.tmc
	EndProjectSection
EndProject
Project("{FAE04EC0-301F-11D3-BF4B-00C04F79EFBC}") = "MFDSettingsManager", "MFDSettingsManager\MFDSettingsManager.csproj", "{BB12C431-7568-4AB3-AC21-4D6396744F22}"
EndProject
Project("{54435603-DBB4-11D2-8724-00A0C9A8B90C}") = "Setup", "Setup\Setup.vdproj", "{02517BB3-3B9C-4574-A934-2C05A6A29928}"
EndProject
Global
	GlobalSection(SolutionConfigurationPlatforms) = preSolution
		All|Any CPU = All|Any CPU
		All|x64 = All|x64
		All|x86 = All|x86
		Debug|Any CPU = Debug|Any CPU
		Debug|x64 = Debug|x64
		Debug|x86 = Debug|x86
		Release|Any CPU = Release|Any CPU
		Release|x64 = Release|x64
		Release|x86 = Release|x86
	EndGlobalSection
	GlobalSection(ProjectConfigurationPlatforms) = postSolution
		{1AC90D5B-6DB5-4AAA-8C7E-B6B28FD75A47}.All|Any CPU.ActiveCfg = Release|Any CPU
		{1AC90D5B-6DB5-4AAA-8C7E-B6B28FD75A47}.All|Any CPU.Build.0 = Release|Any CPU
		{1AC90D5B-6DB5-4AAA-8C7E-B6B28FD75A47}.All|x64.ActiveCfg = Release|Any CPU
		{1AC90D5B-6DB5-4AAA-8C7E-B6B28FD75A47}.All|x64.Build.0 = Release|Any CPU
		{1AC90D5B-6DB5-4AAA-8C7E-B6B28FD75A47}.All|x86.ActiveCfg = Release|Any CPU
		{1AC90D5B-6DB5-4AAA-8C7E-B6B28FD75A47}.All|x86.Build.0 = Release|Any CPU
		{1AC90D5B-6DB5-4AAA-8C7E-B6B28FD75A47}.Debug|Any CPU.ActiveCfg = Release|Any CPU
		{1AC90D5B-6DB5-4AAA-8C7E-B6B28FD75A47}.Debug|Any CPU.Build.0 = Release|Any CPU
		{1AC90D5B-6DB5-4AAA-8C7E-B6B28FD75A47}.Debug|x64.ActiveCfg = Release|Any CPU
		{1AC90D5B-6DB5-4AAA-8C7E-B6B28FD75A47}.Debug|x64.Build.0 = Release|Any CPU
		{1AC90D5B-6DB5-4AAA-8C7E-B6B28FD75A47}.Debug|x86.ActiveCfg = Release|Any CPU
		{1AC90D5B-6DB5-4AAA-8C7E-B6B28FD75A47}.Debug|x86.Build.0 = Release|Any CPU
		{1AC90D5B-6DB5-4AAA-8C7E-B6B28FD75A47}.Release|Any CPU.ActiveCfg = Release|Any CPU
		{1AC90D5B-6DB5-4AAA-8C7E-B6B28FD75A47}.Release|Any CPU.Build.0 = Release|Any CPU
		{1AC90D5B-6DB5-4AAA-8C7E-B6B28FD75A47}.Release|x64.ActiveCfg = Release|Any CPU
		{1AC90D5B-6DB5-4AAA-8C7E-B6B28FD75A47}.Release|x64.Build.0 = Release|Any CPU
		{1AC90D5B-6DB5-4AAA-8C7E-B6B28FD75A47}.Release|x86.ActiveCfg = Release|Any CPU
		{1AC90D5B-6DB5-4AAA-8C7E-B6B28FD75A47}.Release|x86.Build.0 = Release|Any CPU
		{3496AFD8-3746-497A-BB3C-AD9F29FDBC30}.All|Any CPU.ActiveCfg = Release|Any CPU
		{3496AFD8-3746-497A-BB3C-AD9F29FDBC30}.All|Any CPU.Build.0 = Release|Any CPU
		{3496AFD8-3746-497A-BB3C-AD9F29FDBC30}.All|x64.ActiveCfg = Release|Any CPU
		{3496AFD8-3746-497A-BB3C-AD9F29FDBC30}.All|x64.Build.0 = Release|Any CPU
		{3496AFD8-3746-497A-BB3C-AD9F29FDBC30}.All|x86.ActiveCfg = Release|Any CPU
		{3496AFD8-3746-497A-BB3C-AD9F29FDBC30}.All|x86.Build.0 = Release|Any CPU
		{3496AFD8-3746-497A-BB3C-AD9F29FDBC30}.Debug|Any CPU.ActiveCfg = Release|Any CPU
		{3496AFD8-3746-497A-BB3C-AD9F29FDBC30}.Debug|Any CPU.Build.0 = Release|Any CPU
		{3496AFD8-3746-497A-BB3C-AD9F29FDBC30}.Debug|x64.ActiveCfg = Release|Any CPU
		{3496AFD8-3746-497A-BB3C-AD9F29FDBC30}.Debug|x64.Build.0 = Release|Any CPU
		{3496AFD8-3746-497A-BB3C-AD9F29FDBC30}.Debug|x86.ActiveCfg = Release|Any CPU
		{3496AFD8-3746-497A-BB3C-AD9F29FDBC30}.Debug|x86.Build.0 = Release|Any CPU
		{3496AFD8-3746-497A-BB3C-AD9F29FDBC30}.Release|Any CPU.ActiveCfg = Release|Any CPU
		{3496AFD8-3746-497A-BB3C-AD9F29FDBC30}.Release|Any CPU.Build.0 = Release|Any CPU
		{3496AFD8-3746-497A-BB3C-AD9F29FDBC30}.Release|x64.ActiveCfg = Release|Any CPU
		{3496AFD8-3746-497A-BB3C-AD9F29FDBC30}.Release|x64.Build.0 = Release|Any CPU
		{3496AFD8-3746-497A-BB3C-AD9F29FDBC30}.Release|x86.ActiveCfg = Release|Any CPU
		{3496AFD8-3746-497A-BB3C-AD9F29FDBC30}.Release|x86.Build.0 = Release|Any CPU
		{BB12C431-7568-4AB3-AC21-4D6396744F22}.All|Any CPU.ActiveCfg = Release|Any CPU
		{BB12C431-7568-4AB3-AC21-4D6396744F22}.All|Any CPU.Build.0 = Release|Any CPU
		{BB12C431-7568-4AB3-AC21-4D6396744F22}.All|x64.ActiveCfg = Release|Any CPU
		{BB12C431-7568-4AB3-AC21-4D6396744F22}.All|x64.Build.0 = Release|Any CPU
		{BB12C431-7568-4AB3-AC21-4D6396744F22}.All|x86.ActiveCfg = Release|Any CPU
		{BB12C431-7568-4AB3-AC21-4D6396744F22}.All|x86.Build.0 = Release|Any CPU
		{BB12C431-7568-4AB3-AC21-4D6396744F22}.Debug|Any CPU.ActiveCfg = Release|Any CPU
		{BB12C431-7568-4AB3-AC21-4D6396744F22}.Debug|Any CPU.Build.0 = Release|Any CPU
		{BB12C431-7568-4AB3-AC21-4D6396744F22}.Debug|x64.ActiveCfg = Release|Any CPU
		{BB12C431-7568-4AB3-AC21-4D6396744F22}.Debug|x64.Build.0 = Release|Any CPU
		{BB12C431-7568-4AB3-AC21-4D6396744F22}.Debug|x86.ActiveCfg = Release|Any CPU
		{BB12C431-7568-4AB3-AC21-4D6396744F22}.Debug|x86.Build.0 = Release|Any CPU
		{BB12C431-7568-4AB3-AC21-4D6396744F22}.Release|Any CPU.ActiveCfg = Release|Any CPU
		{BB12C431-7568-4AB3-AC21-4D6396744F22}.Release|Any CPU.Build.0 = Release|Any CPU
		{BB12C431-7568-4AB3-AC21-4D6396744F22}.Release|x64.ActiveCfg = Release|Any CPU
		{BB12C431-7568-4AB3-AC21-4D6396744F22}.Release|x64.Build.0 = Release|Any CPU
		{BB12C431-7568-4AB3-AC21-4D6396744F22}.Release|x86.ActiveCfg = Release|Any CPU
		{BB12C431-7568-4AB3-AC21-4D6396744F22}.Release|x86.Build.0 = Release|Any CPU
		{02517BB3-3B9C-4574-A934-2C05A6A29928}.All|Any CPU.ActiveCfg = Release
		{02517BB3-3B9C-4574-A934-2C05A6A29928}.All|x64.ActiveCfg = Release
		{02517BB3-3B9C-4574-A934-2C05A6A29928}.All|x86.ActiveCfg = Release
		{02517BB3-3B9C-4574-A934-2C05A6A29928}.Debug|Any CPU.ActiveCfg = Release
		{02517BB3-3B9C-4574-A934-2C05A6A29928}.Debug|x64.ActiveCfg = Release
		{02517BB3-3B9C-4574-A934-2C05A6A29928}.Debug|x86.ActiveCfg = Release
		{02517BB3-3B9C-4574-A934-2C05A6A29928}.Release|Any CPU.ActiveCfg = Release
		{02517BB3-3B9C-4574-A934-2C05A6A29928}.Release|x64.ActiveCfg = Release
		{02517BB3-3B9C-4574-A934-2C05A6A29928}.Release|x86.ActiveCfg = Release
	EndGlobalSection
	GlobalSection(SolutionProperties) = preSolution
		HideSolutionNode = FALSE
	EndGlobalSection
	GlobalSection(ExtensibilityGlobals) = postSolution
		SolutionGuid = {0302FCAD-31DD-4B36-9A9B-3C0D6BBFAE3A}
	EndGlobalSection
EndGlobal
